{
    "name": "@ecars/events-connector",
    "version": "1.0.0",
    "lockfileVersion": 1,
    "requires": true,
    "dependencies": {
        "dotenv": {
            "version": "16.4.1",
            "resolved": "https://registry.npmjs.org/dotenv/-/dotenv-16.4.1.tgz",
            "integrity": "sha512-CjA3y+Dr3FyFDOAMnxZEGtnW9KBR2M0JvvUtXNW+dYJL5ROWxP9DUHCwgFqpMk0OXCc0ljhaNTr2w/kutYIcHQ=="
        }
    }
}
