{
    "name": "@ecars/db",
    "version": "1.0.0",
    "lockfileVersion": 1,
    "requires": true,
    "dependencies": {
        "@types/debug": {
            "version": "4.1.7",
            "resolved": "https://registry.npmjs.org/@types/debug/-/debug-4.1.7.tgz",
            "integrity": "sha512-9AonUzyTjXXhEOa0DnqpzZi6VHlqKMswga9EXjpXnnqxwLtdvPPtlO8evrI5D9S6asFRCQ6v+wpiUKbw+vKqyg==",
            "requires": {
                "@types/ms": "*"
            }
        },
        "@types/ms": {
            "version": "0.7.31",
            "resolved": "https://registry.npmjs.org/@types/ms/-/ms-0.7.31.tgz",
            "integrity": "sha512-iiUgKzV9AuaEkZqkOLDIvlQiL6ltuZd9tGcW3gwpnX8JbuiuhFlEGmmFXEXkN50Cvq7Os88IY2v0dkDqXYWVgA=="
        },
        "@types/node": {
            "version": "18.6.3",
            "resolved": "https://registry.npmjs.org/@types/node/-/node-18.6.3.tgz",
            "integrity": "sha512-6qKpDtoaYLM+5+AFChLhHermMQxc3TOEFIDzrZLPRGHPrLEwqFkkT5Kx3ju05g6X7uDPazz3jHbKPX0KzCjntg=="
        },
        "@types/validator": {
            "version": "13.7.4",
            "resolved": "https://registry.npmjs.org/@types/validator/-/validator-13.7.4.tgz",
            "integrity": "sha512-uAaSWegu2lymY18l+s5nmcXu3sFeeTOl1zhSGoYzcr6T3wz1M+3OcW4UjfPhIhHGd13tIMRDsEpR+d8w/MexwQ=="
        },
        "abbrev": {
            "version": "1.1.1",
            "resolved": "https://registry.npmjs.org/abbrev/-/abbrev-1.1.1.tgz",
            "integrity": "sha512-nne9/IiQ/hzIhY6pdDnbBtz7DjPTKrY00P/zvPSm5pOFkl6xuGrGnXn/VtTNNfNtAfZ9/1RtehkszU9qcTii0Q=="
        },
        "ansi-regex": {
            "version": "5.0.1",
            "resolved": "https://registry.npmjs.org/ansi-regex/-/ansi-regex-5.0.1.tgz",
            "integrity": "sha512-quJQXlTSUGL2LH9SUXo8VwsY4soanhgo6LNSm84E1LBcE8s3O0wpdiRzyR9z/ZZJMlMWv37qOOb9pdJlMUEKFQ=="
        },
        "ansi-styles": {
            "version": "4.3.0",
            "resolved": "https://registry.npmjs.org/ansi-styles/-/ansi-styles-4.3.0.tgz",
            "integrity": "sha512-zbB9rCJAT1rbjiVDb2hqKFHNYLxgtk8NURxZ3IZwD3F6NtxbXZQCnnSi1Lkx+IDohdPlFp222wVALIheZJQSEg==",
            "requires": {
                "color-convert": "^2.0.1"
            }
        },
        "at-least-node": {
            "version": "1.0.0",
            "resolved": "https://registry.npmjs.org/at-least-node/-/at-least-node-1.0.0.tgz",
            "integrity": "sha512-+q/t7Ekv1EDY2l6Gda6LLiX14rU9TV20Wa3ofeQmwPFZbOMo9DXrLbOjFaaclkXKWidIaopwAObQDqwWtGUjqg=="
        },
        "balanced-match": {
            "version": "1.0.2",
            "resolved": "https://registry.npmjs.org/balanced-match/-/balanced-match-1.0.2.tgz",
            "integrity": "sha512-3oSeUO0TMV67hN1AmbXsK4yaqU7tjiHlbxRDZOpH0KW9+CeX4bRAaX0Anxt0tx2MrpRpWwQaPwIlISEJhYU5Pw=="
        },
        "bluebird": {
            "version": "3.7.2",
            "resolved": "https://registry.npmjs.org/bluebird/-/bluebird-3.7.2.tgz",
            "integrity": "sha512-XpNj6GDQzdfW+r2Wnn7xiSAd7TM3jzkxGXBGTtWKuSXv1xUV+azxAm8jdWZN06QTQk+2N2XB9jRDkvbmQmcRtg=="
        },
        "brace-expansion": {
            "version": "1.1.11",
            "resolved": "https://registry.npmjs.org/brace-expansion/-/brace-expansion-1.1.11.tgz",
            "integrity": "sha512-iCuPHDFgrHX7H2vEI/5xpz07zSHB00TpugqhmYtVmMO6518mCuRMoOYFldEBl0g187ufozdaHgWKcYFb61qGiA==",
            "requires": {
                "balanced-match": "^1.0.0",
                "concat-map": "0.0.1"
            }
        },
        "buffer-writer": {
            "version": "2.0.0",
            "resolved": "https://registry.npmjs.org/buffer-writer/-/buffer-writer-2.0.0.tgz",
            "integrity": "sha512-a7ZpuTZU1TRtnwyCNW3I5dc0wWNC3VR9S++Ewyk2HHZdrO3CQJqSpd+95Us590V6AL7JqUAH2IwZ/398PmNFgw=="
        },
        "cli-color": {
            "version": "2.0.1",
            "resolved": "https://registry.npmjs.org/cli-color/-/cli-color-2.0.1.tgz",
            "integrity": "sha512-eBbxZF6fqPUNnf7CLAFOersUnyYzv83tHFLSlts+OAHsNendaqv2tHCq+/MO+b3Y+9JeoUlIvobyxG/Z8GNeOg==",
            "requires": {
                "d": "^1.0.1",
                "es5-ext": "^0.10.53",
                "es6-iterator": "^2.0.3",
                "memoizee": "^0.4.15",
                "timers-ext": "^0.1.7"
            }
        },
        "cliui": {
            "version": "7.0.4",
            "resolved": "https://registry.npmjs.org/cliui/-/cliui-7.0.4.tgz",
            "integrity": "sha512-OcRE68cOsVMXp1Yvonl/fzkQOyjLSu/8bhPDfQt0e0/Eb283TKP20Fs2MqoPsr9SwA595rRCA+QMzYc9nBP+JQ==",
            "requires": {
                "string-width": "^4.2.0",
                "strip-ansi": "^6.0.0",
                "wrap-ansi": "^7.0.0"
            }
        },
        "color-convert": {
            "version": "2.0.1",
            "resolved": "https://registry.npmjs.org/color-convert/-/color-convert-2.0.1.tgz",
            "integrity": "sha512-RRECPsj7iu/xb5oKYcsFHSppFNnsj/52OVTRKb4zP5onXwVF3zVmmToNcOfGC+CRDpfK/U584fMg38ZHCaElKQ==",
            "requires": {
                "color-name": "~1.1.4"
            }
        },
        "color-name": {
            "version": "1.1.4",
            "resolved": "https://registry.npmjs.org/color-name/-/color-name-1.1.4.tgz",
            "integrity": "sha512-dOy+3AuW3a2wNbZHIuMZpTcgjGuLU/uBL/ubcZF9OXbDo8ff4O8yVp5Bf0efS8uEoYo5q4Fx7dY9OgQGXgAsQA=="
        },
        "commander": {
            "version": "2.20.3",
            "resolved": "https://registry.npmjs.org/commander/-/commander-2.20.3.tgz",
            "integrity": "sha512-GpVkmM8vF2vQUkj2LvZmD35JxeJOLCwJ9cUkugyk2nuhbv3+mJvpLYYt+0+USMxE+oj+ey/lJEnhZw75x/OMcQ=="
        },
        "concat-map": {
            "version": "0.0.1",
            "resolved": "https://registry.npmjs.org/concat-map/-/concat-map-0.0.1.tgz",
            "integrity": "sha1-2Klr13/Wjfd5OnMDajug1UBdR3s="
        },
        "config-chain": {
            "version": "1.1.13",
            "resolved": "https://registry.npmjs.org/config-chain/-/config-chain-1.1.13.tgz",
            "integrity": "sha512-qj+f8APARXHrM0hraqXYb2/bOVSV4PvJQlNZ/DVj0QrmNM2q2euizkeuVckQ57J+W0mRH6Hvi+k50M4Jul2VRQ==",
            "requires": {
                "ini": "^1.3.4",
                "proto-list": "~1.2.1"
            }
        },
        "cross-spawn": {
            "version": "7.0.3",
            "resolved": "https://registry.npmjs.org/cross-spawn/-/cross-spawn-7.0.3.tgz",
            "integrity": "sha512-iRDPJKUPVEND7dHPO8rkbOnPpyDygcDFtWjpeWNCgy8WP2rXcxXL8TskReQl6OrB2G7+UJrags1q15Fudc7G6w==",
            "requires": {
                "path-key": "^3.1.0",
                "shebang-command": "^2.0.0",
                "which": "^2.0.1"
            }
        },
        "d": {
            "version": "1.0.1",
            "resolved": "https://registry.npmjs.org/d/-/d-1.0.1.tgz",
            "integrity": "sha512-m62ShEObQ39CfralilEQRjH6oAMtNCV1xJyEx5LpRYUVN+EviphDgUc/F3hnYbADmkiNs67Y+3ylmlG7Lnu+FA==",
            "requires": {
                "es5-ext": "^0.10.50",
                "type": "^1.0.1"
            }
        },
        "debug": {
            "version": "4.3.2",
            "resolved": "https://registry.npmjs.org/debug/-/debug-4.3.2.tgz",
            "integrity": "sha512-mOp8wKcvj7XxC78zLgw/ZA+6TSgkoE2C/ienthhRD298T7UNwAg9diBpLRxC0mOezLl4B0xV7M0cCO6P/O0Xhw==",
            "requires": {
                "ms": "2.1.2"
            }
        },
        "dotenv": {
            "version": "16.0.0",
            "resolved": "https://registry.npmjs.org/dotenv/-/dotenv-16.0.0.tgz",
            "integrity": "sha512-qD9WU0MPM4SWLPJy/r2Be+2WgQj8plChsyrCNQzW/0WjvcJQiKQJ9mH3ZgB3fxbUUxgc/11ZJ0Fi5KiimWGz2Q=="
        },
        "dotenv-cli": {
            "version": "5.0.0",
            "resolved": "https://registry.npmjs.org/dotenv-cli/-/dotenv-cli-5.0.0.tgz",
            "integrity": "sha512-0Cb2WMDJ805hTD7m43gXXFLraoE5KwrKmGW2dAzYvSEB96tlKI2hmcJ/9In4s2FfvkAFk3SjNQcLeKLoRSXhKA==",
            "requires": {
                "cross-spawn": "^7.0.3",
                "dotenv": "^16.0.0",
                "dotenv-expand": "^8.0.1",
                "minimist": "^1.2.5"
            }
        },
        "dotenv-expand": {
            "version": "8.0.1",
            "resolved": "https://registry.npmjs.org/dotenv-expand/-/dotenv-expand-8.0.1.tgz",
            "integrity": "sha512-j/Ih7bIERDR5PzI89Zu8ayd3tXZ6E3dbY0ljQ9Db0K87qBO8zdLsi2dIvDHMWtjC3Yxb8XixOTHAtia0fDHRpg=="
        },
        "dottie": {
            "version": "2.0.2",
            "resolved": "https://registry.npmjs.org/dottie/-/dottie-2.0.2.tgz",
            "integrity": "sha512-fmrwR04lsniq/uSr8yikThDTrM7epXHBAAjH9TbeH3rEA8tdCO7mRzB9hdmdGyJCxF8KERo9CITcm3kGuoyMhg=="
        },
        "editorconfig": {
            "version": "0.15.3",
            "resolved": "https://registry.npmjs.org/editorconfig/-/editorconfig-0.15.3.tgz",
            "integrity": "sha512-M9wIMFx96vq0R4F+gRpY3o2exzb8hEj/n9S8unZtHSvYjibBp/iMufSzvmOcV/laG0ZtuTVGtiJggPOSW2r93g==",
            "requires": {
                "commander": "^2.19.0",
                "lru-cache": "^4.1.5",
                "semver": "^5.6.0",
                "sigmund": "^1.0.1"
            },
            "dependencies": {
                "lru-cache": {
                    "version": "4.1.5",
                    "resolved": "https://registry.npmjs.org/lru-cache/-/lru-cache-4.1.5.tgz",
                    "integrity": "sha512-sWZlbEP2OsHNkXrMl5GYk/jKk70MBng6UU4YI/qGDYbgf6YbP4EvmqISbXCoJiRKs+1bSpFHVgQxvJ17F2li5g==",
                    "requires": {
                        "pseudomap": "^1.0.2",
                        "yallist": "^2.1.2"
                    }
                },
                "semver": {
                    "version": "5.7.1",
                    "resolved": "https://registry.npmjs.org/semver/-/semver-5.7.1.tgz",
                    "integrity": "sha512-sauaDf/PZdVgrLTNYHRtpXa1iRiKcaebiKQ1BJdpQlWH2lCvexQdX55snPFyK7QzpudqbCI0qXFfOasHdyNDGQ=="
                },
                "yallist": {
                    "version": "2.1.2",
                    "resolved": "https://registry.npmjs.org/yallist/-/yallist-2.1.2.tgz",
                    "integrity": "sha1-HBH5IY8HYImkfdUS+TxmmaaoHVI="
                }
            }
        },
        "emoji-regex": {
            "version": "8.0.0",
            "resolved": "https://registry.npmjs.org/emoji-regex/-/emoji-regex-8.0.0.tgz",
            "integrity": "sha512-MSjYzcWNOA0ewAHpz0MxpYFvwg6yjy1NG3xteoqz644VCo/RPgnr1/GGt+ic3iJTzQ8Eu3TdM14SawnVUmGE6A=="
        },
        "es5-ext": {
            "version": "0.10.53",
            "resolved": "https://registry.npmjs.org/es5-ext/-/es5-ext-0.10.53.tgz",
            "integrity": "sha512-Xs2Stw6NiNHWypzRTY1MtaG/uJlwCk8kH81920ma8mvN8Xq1gsfhZvpkImLQArw8AHnv8MT2I45J3c0R8slE+Q==",
            "requires": {
                "es6-iterator": "~2.0.3",
                "es6-symbol": "~3.1.3",
                "next-tick": "~1.0.0"
            }
        },
        "es6-iterator": {
            "version": "2.0.3",
            "resolved": "https://registry.npmjs.org/es6-iterator/-/es6-iterator-2.0.3.tgz",
            "integrity": "sha1-p96IkUGgWpSwhUQDstCg+/qY87c=",
            "requires": {
                "d": "1",
                "es5-ext": "^0.10.35",
                "es6-symbol": "^3.1.1"
            }
        },
        "es6-symbol": {
            "version": "3.1.3",
            "resolved": "https://registry.npmjs.org/es6-symbol/-/es6-symbol-3.1.3.tgz",
            "integrity": "sha512-NJ6Yn3FuDinBaBRWl/q5X/s4koRHBrgKAu+yGI6JCBeiu3qrcbJhwT2GeR/EXVfylRk8dpQVJoLEFhK+Mu31NA==",
            "requires": {
                "d": "^1.0.1",
                "ext": "^1.1.2"
            }
        },
        "es6-weak-map": {
            "version": "2.0.3",
            "resolved": "https://registry.npmjs.org/es6-weak-map/-/es6-weak-map-2.0.3.tgz",
            "integrity": "sha512-p5um32HOTO1kP+w7PRnB+5lQ43Z6muuMuIMffvDN8ZB4GcnjLBV6zGStpbASIMk4DCAvEaamhe2zhyCb/QXXsA==",
            "requires": {
                "d": "1",
                "es5-ext": "^0.10.46",
                "es6-iterator": "^2.0.3",
                "es6-symbol": "^3.1.1"
            }
        },
        "escalade": {
            "version": "3.1.1",
            "resolved": "https://registry.npmjs.org/escalade/-/escalade-3.1.1.tgz",
            "integrity": "sha512-k0er2gUkLf8O0zKJiAhmkTnJlTvINGv7ygDNPbeIsX/TJjGJZHuh9B2UxbsaEkmlEo9MfhrSzmhIlhRlI2GXnw=="
        },
        "event-emitter": {
            "version": "0.3.5",
            "resolved": "https://registry.npmjs.org/event-emitter/-/event-emitter-0.3.5.tgz",
            "integrity": "sha1-34xp7vFkeSPHFXuc6DhAYQsCzDk=",
            "requires": {
                "d": "1",
                "es5-ext": "~0.10.14"
            }
        },
        "ext": {
            "version": "1.6.0",
            "resolved": "https://registry.npmjs.org/ext/-/ext-1.6.0.tgz",
            "integrity": "sha512-sdBImtzkq2HpkdRLtlLWDa6w4DX22ijZLKx8BMPUuKe1c5lbN6xwQDQCxSfxBQnHZ13ls/FH0MQZx/q/gr6FQg==",
            "requires": {
                "type": "^2.5.0"
            },
            "dependencies": {
                "type": {
                    "version": "2.6.0",
                    "resolved": "https://registry.npmjs.org/type/-/type-2.6.0.tgz",
                    "integrity": "sha512-eiDBDOmkih5pMbo9OqsqPRGMljLodLcwd5XD5JbtNB0o89xZAwynY9EdCDsJU7LtcVCClu9DvM7/0Ep1hYX3EQ=="
                }
            }
        },
        "fs-extra": {
            "version": "9.1.0",
            "resolved": "https://registry.npmjs.org/fs-extra/-/fs-extra-9.1.0.tgz",
            "integrity": "sha512-hcg3ZmepS30/7BSFqRvoo3DOMQu7IjqxO5nCDt+zM9XWjb33Wg7ziNT+Qvqbuc3+gWpzO02JubVyk2G4Zvo1OQ==",
            "requires": {
                "at-least-node": "^1.0.0",
                "graceful-fs": "^4.2.0",
                "jsonfile": "^6.0.1",
                "universalify": "^2.0.0"
            }
        },
        "fs.realpath": {
            "version": "1.0.0",
            "resolved": "https://registry.npmjs.org/fs.realpath/-/fs.realpath-1.0.0.tgz",
            "integrity": "sha1-FQStJSMVjKpA20onh8sBQRmU6k8="
        },
        "function-bind": {
            "version": "1.1.1",
            "resolved": "https://registry.npmjs.org/function-bind/-/function-bind-1.1.1.tgz",
            "integrity": "sha512-yIovAzMX49sF8Yl58fSCWJ5svSLuaibPxXQJFLmBObTuCr0Mf1KiPopGM9NiFjiYBCbfaa2Fh6breQ6ANVTI0A=="
        },
        "get-caller-file": {
            "version": "2.0.5",
            "resolved": "https://registry.npmjs.org/get-caller-file/-/get-caller-file-2.0.5.tgz",
            "integrity": "sha512-DyFP3BM/3YHTQOCUL/w0OZHR0lpKeGrxotcHWcqNEdnltqFwXVfhEBQ94eIo34AfQpo0rGki4cyIiftY06h2Fg=="
        },
        "glob": {
            "version": "7.2.0",
            "resolved": "https://registry.npmjs.org/glob/-/glob-7.2.0.tgz",
            "integrity": "sha512-lmLf6gtyrPq8tTjSmrO94wBeQbFR3HbLHbuyD69wuyQkImp2hWqMGB47OX65FBkPffO641IP9jWa1z4ivqG26Q==",
            "requires": {
                "fs.realpath": "^1.0.0",
                "inflight": "^1.0.4",
                "inherits": "2",
                "minimatch": "^3.0.4",
                "once": "^1.3.0",
                "path-is-absolute": "^1.0.0"
            }
        },
        "graceful-fs": {
            "version": "4.2.9",
            "resolved": "https://registry.npmjs.org/graceful-fs/-/graceful-fs-4.2.9.tgz",
            "integrity": "sha512-NtNxqUcXgpW2iMrfqSfR73Glt39K+BLwWsPs94yR63v45T0Wbej7eRmL5cWfwEgqXnmjQp3zaJTshdRW/qC2ZQ=="
        },
        "has": {
            "version": "1.0.3",
            "resolved": "https://registry.npmjs.org/has/-/has-1.0.3.tgz",
            "integrity": "sha512-f2dvO0VU6Oej7RkWJGrehjbzMAjFp5/VKPp5tTpWIV4JHHZK1/BxbFRtf/siA2SWTe09caDmVtYYzWEIbBS4zw==",
            "requires": {
                "function-bind": "^1.1.1"
            }
        },
        "inflection": {
            "version": "1.13.2",
            "resolved": "https://registry.npmjs.org/inflection/-/inflection-1.13.2.tgz",
            "integrity": "sha512-cmZlljCRTBFouT8UzMzrGcVEvkv6D/wBdcdKG7J1QH5cXjtU75Dm+P27v9EKu/Y43UYyCJd1WC4zLebRrC8NBw=="
        },
        "inflight": {
            "version": "1.0.6",
            "resolved": "https://registry.npmjs.org/inflight/-/inflight-1.0.6.tgz",
            "integrity": "sha1-Sb1jMdfQLQwJvJEKEHW6gWW1bfk=",
            "requires": {
                "once": "^1.3.0",
                "wrappy": "1"
            }
        },
        "inherits": {
            "version": "2.0.4",
            "resolved": "https://registry.npmjs.org/inherits/-/inherits-2.0.4.tgz",
            "integrity": "sha512-k/vGaX4/Yla3WzyMCvTQOXYeIHvqOKtnqBduzTHpzpQZzAskKMhZ2K+EnBiSM9zGSoIFeMpXKxa4dYeZIQqewQ=="
        },
        "ini": {
            "version": "1.3.8",
            "resolved": "https://registry.npmjs.org/ini/-/ini-1.3.8.tgz",
            "integrity": "sha512-JV/yugV2uzW5iMRSiZAyDtQd+nxtUnjeLt0acNdw98kKLrvuRVyB80tsREOE7yvGVgalhZ6RNXCmEHkUKBKxew=="
        },
        "is-core-module": {
            "version": "2.8.1",
            "resolved": "https://registry.npmjs.org/is-core-module/-/is-core-module-2.8.1.tgz",
            "integrity": "sha512-SdNCUs284hr40hFTFP6l0IfZ/RSrMXF3qgoRHd3/79unUTvrFO/JoXwkGm+5J/Oe3E/b5GsnG330uUNgRpu1PA==",
            "requires": {
                "has": "^1.0.3"
            }
        },
        "is-fullwidth-code-point": {
            "version": "3.0.0",
            "resolved": "https://registry.npmjs.org/is-fullwidth-code-point/-/is-fullwidth-code-point-3.0.0.tgz",
            "integrity": "sha512-zymm5+u+sCsSWyD9qNaejV3DFvhCKclKdizYaJUuHA83RLjb7nSuGnddCHGv0hk+KY7BMAlsWeK4Ueg6EV6XQg=="
        },
        "is-promise": {
            "version": "2.2.2",
            "resolved": "https://registry.npmjs.org/is-promise/-/is-promise-2.2.2.tgz",
            "integrity": "sha512-+lP4/6lKUBfQjZ2pdxThZvLUAafmZb8OAxFb8XXtiQmS35INgr85hdOGoEs124ez1FCnZJt6jau/T+alh58QFQ=="
        },
        "isexe": {
            "version": "2.0.0",
            "resolved": "https://registry.npmjs.org/isexe/-/isexe-2.0.0.tgz",
            "integrity": "sha1-6PvzdNxVb/iUehDcsFctYz8s+hA="
        },
        "js-beautify": {
            "version": "1.14.0",
            "resolved": "https://registry.npmjs.org/js-beautify/-/js-beautify-1.14.0.tgz",
            "integrity": "sha512-yuck9KirNSCAwyNJbqW+BxJqJ0NLJ4PwBUzQQACl5O3qHMBXVkXb/rD0ilh/Lat/tn88zSZ+CAHOlk0DsY7GuQ==",
            "requires": {
                "config-chain": "^1.1.12",
                "editorconfig": "^0.15.3",
                "glob": "^7.1.3",
                "nopt": "^5.0.0"
            }
        },
        "jsonfile": {
            "version": "6.1.0",
            "resolved": "https://registry.npmjs.org/jsonfile/-/jsonfile-6.1.0.tgz",
            "integrity": "sha512-5dgndWOriYSm5cnYaJNhalLNDKOqFwyDB/rr1E9ZsGciGvKPs8R2xYGCacuf3z6K1YKDz182fd+fY3cn3pMqXQ==",
            "requires": {
                "graceful-fs": "^4.1.6",
                "universalify": "^2.0.0"
            }
        },
        "lodash": {
            "version": "4.17.21",
            "resolved": "https://registry.npmjs.org/lodash/-/lodash-4.17.21.tgz",
            "integrity": "sha512-v2kDEe57lecTulaDIuNTPy3Ry4gLGJ6Z1O3vE1krgXZNrsQ+LFTGHVxVjcXPs17LhbZVGedAJv8XZ1tvj5FvSg=="
        },
        "lru-cache": {
            "version": "6.0.0",
            "resolved": "https://registry.npmjs.org/lru-cache/-/lru-cache-6.0.0.tgz",
            "integrity": "sha512-Jo6dJ04CmSjuznwJSS3pUeWmd/H0ffTlkXXgwZi+eq1UCmqQwCh+eLsYOYCwY991i2Fah4h1BEMCx4qThGbsiA==",
            "requires": {
                "yallist": "^4.0.0"
            }
        },
        "lru-queue": {
            "version": "0.1.0",
            "resolved": "https://registry.npmjs.org/lru-queue/-/lru-queue-0.1.0.tgz",
            "integrity": "sha1-Jzi9nw089PhEkMVzbEhpmsYyzaM=",
            "requires": {
                "es5-ext": "~0.10.2"
            }
        },
        "memoizee": {
            "version": "0.4.15",
            "resolved": "https://registry.npmjs.org/memoizee/-/memoizee-0.4.15.tgz",
            "integrity": "sha512-UBWmJpLZd5STPm7PMUlOw/TSy972M+z8gcyQ5veOnSDRREz/0bmpyTfKt3/51DhEBqCZQn1udM/5flcSPYhkdQ==",
            "requires": {
                "d": "^1.0.1",
                "es5-ext": "^0.10.53",
                "es6-weak-map": "^2.0.3",
                "event-emitter": "^0.3.5",
                "is-promise": "^2.2.2",
                "lru-queue": "^0.1.0",
                "next-tick": "^1.1.0",
                "timers-ext": "^0.1.7"
            },
            "dependencies": {
                "next-tick": {
                    "version": "1.1.0",
                    "resolved": "https://registry.npmjs.org/next-tick/-/next-tick-1.1.0.tgz",
                    "integrity": "sha512-CXdUiJembsNjuToQvxayPZF9Vqht7hewsvy2sOWafLvi2awflj9mOC6bHIg50orX8IJvWKY9wYQ/zB2kogPslQ=="
                }
            }
        },
        "minimatch": {
            "version": "3.0.5",
            "resolved": "https://registry.npmjs.org/minimatch/-/minimatch-3.0.5.tgz",
            "integrity": "sha512-tUpxzX0VAzJHjLu0xUfFv1gwVp9ba3IOuRAVH2EGuRW8a5emA2FlACLqiT/lDVtS1W+TGNwqz3sWaNyLgDJWuw==",
            "requires": {
                "brace-expansion": "^1.1.7"
            }
        },
        "minimist": {
            "version": "1.2.5",
            "resolved": "https://registry.npmjs.org/minimist/-/minimist-1.2.5.tgz",
            "integrity": "sha512-FM9nNUYrRBAELZQT3xeZQ7fmMOBg6nWNmJKTcgsJeaLstP/UODVpGsr5OhXhhXg6f+qtJ8uiZ+PUxkDWcgIXLw=="
        },
        "moment": {
            "version": "2.29.4",
            "resolved": "https://registry.npmjs.org/moment/-/moment-2.29.4.tgz",
            "integrity": "sha512-5LC9SOxjSc2HF6vO2CyuTDNivEdoz2IvyJJGj6X8DJ0eFyfszE0QiEd+iXmBvUP3WHxSjFH/vIsA0EN00cgr8w=="
        },
        "moment-timezone": {
            "version": "0.5.34",
            "resolved": "https://registry.npmjs.org/moment-timezone/-/moment-timezone-0.5.34.tgz",
            "integrity": "sha512-3zAEHh2hKUs3EXLESx/wsgw6IQdusOT8Bxm3D9UrHPQR7zlMmzwybC8zHEM1tQ4LJwP7fcxrWr8tuBg05fFCbg==",
            "requires": {
                "moment": ">= 2.9.0"
            }
        },
        "ms": {
            "version": "2.1.2",
            "resolved": "https://registry.npmjs.org/ms/-/ms-2.1.2.tgz",
            "integrity": "sha512-sGkPx+VjMtmA6MX27oA4FBFELFCZZ4S4XqeGOXCv68tT+jb3vk/RyaKWP0PTKyWtmLSM0b+adUTEvbs1PEaH2w=="
        },
        "next-tick": {
            "version": "1.0.0",
            "resolved": "https://registry.npmjs.org/next-tick/-/next-tick-1.0.0.tgz",
            "integrity": "sha1-yobR/ogoFpsBICCOPchCS524NCw="
        },
        "nopt": {
            "version": "5.0.0",
            "resolved": "https://registry.npmjs.org/nopt/-/nopt-5.0.0.tgz",
            "integrity": "sha512-Tbj67rffqceeLpcRXrT7vKAN8CwfPeIBgM7E6iBkmKLV7bEMwpGgYLGv0jACUsECaa/vuxP0IjEont6umdMgtQ==",
            "requires": {
                "abbrev": "1"
            }
        },
        "once": {
            "version": "1.4.0",
            "resolved": "https://registry.npmjs.org/once/-/once-1.4.0.tgz",
            "integrity": "sha1-WDsap3WWHUsROsF9nFC6753Xa9E=",
            "requires": {
                "wrappy": "1"
            }
        },
        "packet-reader": {
            "version": "1.0.0",
            "resolved": "https://registry.npmjs.org/packet-reader/-/packet-reader-1.0.0.tgz",
            "integrity": "sha512-HAKu/fG3HpHFO0AA8WE8q2g+gBJaZ9MG7fcKk+IJPLTGAD6Psw4443l+9DGRbOIh3/aXr7Phy0TjilYivJo5XQ=="
        },
        "path-is-absolute": {
            "version": "1.0.1",
            "resolved": "https://registry.npmjs.org/path-is-absolute/-/path-is-absolute-1.0.1.tgz",
            "integrity": "sha1-F0uSaHNVNP+8es5r9TpanhtcX18="
        },
        "path-key": {
            "version": "3.1.1",
            "resolved": "https://registry.npmjs.org/path-key/-/path-key-3.1.1.tgz",
            "integrity": "sha512-ojmeN0qd+y0jszEtoY48r0Peq5dwMEkIlCOu6Q5f41lfkswXuKtYrhgoTpLnyIcHm24Uhqx+5Tqm2InSwLhE6Q=="
        },
        "path-parse": {
            "version": "1.0.7",
            "resolved": "https://registry.npmjs.org/path-parse/-/path-parse-1.0.7.tgz",
            "integrity": "sha512-LDJzPVEEEPR+y48z93A0Ed0yXb8pAByGWo/k5YYdYgpY2/2EsOsksJrq7lOHxryrVOn1ejG6oAp8ahvOIQD8sw=="
        },
        "pg": {
            "version": "8.7.3",
            "resolved": "https://registry.npmjs.org/pg/-/pg-8.7.3.tgz",
            "integrity": "sha512-HPmH4GH4H3AOprDJOazoIcpI49XFsHCe8xlrjHkWiapdbHK+HLtbm/GQzXYAZwmPju/kzKhjaSfMACG+8cgJcw==",
            "requires": {
                "buffer-writer": "2.0.0",
                "packet-reader": "1.0.0",
                "pg-connection-string": "^2.5.0",
                "pg-pool": "^3.5.1",
                "pg-protocol": "^1.5.0",
                "pg-types": "^2.1.0",
                "pgpass": "1.x"
            }
        },
        "pg-connection-string": {
            "version": "2.5.0",
            "resolved": "https://registry.npmjs.org/pg-connection-string/-/pg-connection-string-2.5.0.tgz",
            "integrity": "sha512-r5o/V/ORTA6TmUnyWZR9nCj1klXCO2CEKNRlVuJptZe85QuhFayC7WeMic7ndayT5IRIR0S0xFxFi2ousartlQ=="
        },
        "pg-int8": {
            "version": "1.0.1",
            "resolved": "https://registry.npmjs.org/pg-int8/-/pg-int8-1.0.1.tgz",
            "integrity": "sha512-WCtabS6t3c8SkpDBUlb1kjOs7l66xsGdKpIPZsg4wR+B3+u9UAum2odSsF9tnvxg80h4ZxLWMy4pRjOsFIqQpw=="
        },
        "pg-pool": {
            "version": "3.5.1",
            "resolved": "https://registry.npmjs.org/pg-pool/-/pg-pool-3.5.1.tgz",
            "integrity": "sha512-6iCR0wVrro6OOHFsyavV+i6KYL4lVNyYAB9RD18w66xSzN+d8b66HiwuP30Gp1SH5O9T82fckkzsRjlrhD0ioQ=="
        },
        "pg-protocol": {
            "version": "1.5.0",
            "resolved": "https://registry.npmjs.org/pg-protocol/-/pg-protocol-1.5.0.tgz",
            "integrity": "sha512-muRttij7H8TqRNu/DxrAJQITO4Ac7RmX3Klyr/9mJEOBeIpgnF8f9jAfRz5d3XwQZl5qBjF9gLsUtMPJE0vezQ=="
        },
        "pg-types": {
            "version": "2.2.0",
            "resolved": "https://registry.npmjs.org/pg-types/-/pg-types-2.2.0.tgz",
            "integrity": "sha512-qTAAlrEsl8s4OiEQY69wDvcMIdQN6wdz5ojQiOy6YRMuynxenON0O5oCpJI6lshc6scgAY8qvJ2On/p+CXY0GA==",
            "requires": {
                "pg-int8": "1.0.1",
                "postgres-array": "~2.0.0",
                "postgres-bytea": "~1.0.0",
                "postgres-date": "~1.0.4",
                "postgres-interval": "^1.1.0"
            }
        },
        "pgpass": {
            "version": "1.0.5",
            "resolved": "https://registry.npmjs.org/pgpass/-/pgpass-1.0.5.tgz",
            "integrity": "sha512-FdW9r/jQZhSeohs1Z3sI1yxFQNFvMcnmfuj4WBMUTxOrAyLMaTcE1aAMBiTlbMNaXvBCQuVi0R7hd8udDSP7ug==",
            "requires": {
                "split2": "^4.1.0"
            }
        },
        "postgres-array": {
            "version": "2.0.0",
            "resolved": "https://registry.npmjs.org/postgres-array/-/postgres-array-2.0.0.tgz",
            "integrity": "sha512-VpZrUqU5A69eQyW2c5CA1jtLecCsN2U/bD6VilrFDWq5+5UIEVO7nazS3TEcHf1zuPYO/sqGvUvW62g86RXZuA=="
        },
        "postgres-bytea": {
            "version": "1.0.0",
            "resolved": "https://registry.npmjs.org/postgres-bytea/-/postgres-bytea-1.0.0.tgz",
            "integrity": "sha1-AntTPAqokOJtFy1Hz5zOzFIazTU="
        },
        "postgres-date": {
            "version": "1.0.7",
            "resolved": "https://registry.npmjs.org/postgres-date/-/postgres-date-1.0.7.tgz",
            "integrity": "sha512-suDmjLVQg78nMK2UZ454hAG+OAW+HQPZ6n++TNDUX+L0+uUlLywnoxJKDou51Zm+zTCjrCl0Nq6J9C5hP9vK/Q=="
        },
        "postgres-interval": {
            "version": "1.2.0",
            "resolved": "https://registry.npmjs.org/postgres-interval/-/postgres-interval-1.2.0.tgz",
            "integrity": "sha512-9ZhXKM/rw350N1ovuWHbGxnGh/SNJ4cnxHiM0rxE4VN41wsg8P8zWn9hv/buK00RP4WvlOyr/RBDiptyxVbkZQ==",
            "requires": {
                "xtend": "^4.0.0"
            }
        },
        "proto-list": {
            "version": "1.2.4",
            "resolved": "https://registry.npmjs.org/proto-list/-/proto-list-1.2.4.tgz",
            "integrity": "sha1-IS1b/hMYMGpCD2QCuOJv85ZHqEk="
        },
        "pseudomap": {
            "version": "1.0.2",
            "resolved": "https://registry.npmjs.org/pseudomap/-/pseudomap-1.0.2.tgz",
            "integrity": "sha1-8FKijacOYYkX7wqKw0wa5aaChrM="
        },
        "require-directory": {
            "version": "2.1.1",
            "resolved": "https://registry.npmjs.org/require-directory/-/require-directory-2.1.1.tgz",
            "integrity": "sha1-jGStX9MNqxyXbiNE/+f3kqam30I="
        },
        "resolve": {
            "version": "1.22.0",
            "resolved": "https://registry.npmjs.org/resolve/-/resolve-1.22.0.tgz",
            "integrity": "sha512-Hhtrw0nLeSrFQ7phPp4OOcVjLPIeMnRlr5mcnVuMe7M/7eBn98A3hmFRLoFo3DLZkivSYwhRUJTyPyWAk56WLw==",
            "requires": {
                "is-core-module": "^2.8.1",
                "path-parse": "^1.0.7",
                "supports-preserve-symlinks-flag": "^1.0.0"
            }
        },
        "retry-as-promised": {
            "version": "5.0.0",
            "resolved": "https://registry.npmjs.org/retry-as-promised/-/retry-as-promised-5.0.0.tgz",
            "integrity": "sha512-6S+5LvtTl2ggBumk04hBo/4Uf6fRJUwIgunGZ7CYEBCeufGFW1Pu6ucUf/UskHeWOIsUcLOGLFXPig5tR5V1nA=="
        },
        "semver": {
            "version": "7.3.7",
            "resolved": "https://registry.npmjs.org/semver/-/semver-7.3.7.tgz",
            "integrity": "sha512-QlYTucUYOews+WeEujDoEGziz4K6c47V/Bd+LjSSYcA94p+DmINdf7ncaUinThfvZyu13lN9OY1XDxt8C0Tw0g==",
            "requires": {
                "lru-cache": "^6.0.0"
            }
        },
        "sequelize": {
            "version": "6.21.3",
            "resolved": "https://registry.npmjs.org/sequelize/-/sequelize-6.21.3.tgz",
            "integrity": "sha512-cJPrTTVCofUxaaNKoIETiXCYh2xJ+OFq5jMHJQqftp34M4kNoLpTfUMPSwYtRUeTcSh1/5HodfJXIBi7troIFA==",
            "requires": {
                "@types/debug": "^4.1.7",
                "@types/validator": "^13.7.1",
                "debug": "^4.3.3",
                "dottie": "^2.0.2",
                "inflection": "^1.13.2",
                "lodash": "^4.17.21",
                "moment": "^2.29.1",
                "moment-timezone": "^0.5.34",
                "pg-connection-string": "^2.5.0",
                "retry-as-promised": "^5.0.0",
                "semver": "^7.3.5",
                "sequelize-pool": "^7.1.0",
                "toposort-class": "^1.0.1",
                "uuid": "^8.3.2",
                "validator": "^13.7.0",
                "wkx": "^0.5.0"
            },
            "dependencies": {
                "debug": {
                    "version": "4.3.4",
                    "resolved": "https://registry.npmjs.org/debug/-/debug-4.3.4.tgz",
                    "integrity": "sha512-PRWFHuSU3eDtQJPvnNY7Jcket1j0t5OuOsFzPPzsekD52Zl8qUfFIPEiswXqIvHWGVHOgX+7G/vCNNhehwxfkQ==",
                    "requires": {
                        "ms": "2.1.2"
                    }
                }
            }
        },
        "sequelize-cli": {
            "version": "6.4.1",
            "resolved": "https://registry.npmjs.org/sequelize-cli/-/sequelize-cli-6.4.1.tgz",
            "integrity": "sha512-gIzzFitUGUErq6DYd1JDnsmx7z7XcxzRNe4Py3AqeaxcyjpCAZU2BQnsNPGPMKAaXfMtKi/d9Tu4MtLrehVzIQ==",
            "requires": {
                "cli-color": "^2.0.1",
                "fs-extra": "^9.1.0",
                "js-beautify": "^1.14.0",
                "lodash": "^4.17.21",
                "resolve": "^1.20.0",
                "umzug": "^2.3.0",
                "yargs": "^16.2.0"
            }
        },
        "sequelize-pool": {
            "version": "7.1.0",
            "resolved": "https://registry.npmjs.org/sequelize-pool/-/sequelize-pool-7.1.0.tgz",
            "integrity": "sha512-G9c0qlIWQSK29pR/5U2JF5dDQeqqHRragoyahj/Nx4KOOQ3CPPfzxnfqFPCSB7x5UgjOgnZ61nSxz+fjDpRlJg=="
        },
        "shebang-command": {
            "version": "2.0.0",
            "resolved": "https://registry.npmjs.org/shebang-command/-/shebang-command-2.0.0.tgz",
            "integrity": "sha512-kHxr2zZpYtdmrN1qDjrrX/Z1rR1kG8Dx+gkpK1G4eXmvXswmcE1hTWBWYUzlraYw1/yZp6YuDY77YtvbN0dmDA==",
            "requires": {
                "shebang-regex": "^3.0.0"
            }
        },
        "shebang-regex": {
            "version": "3.0.0",
            "resolved": "https://registry.npmjs.org/shebang-regex/-/shebang-regex-3.0.0.tgz",
            "integrity": "sha512-7++dFhtcx3353uBaq8DDR4NuxBetBzC7ZQOhmTQInHEd6bSrXdiEyzCvG07Z44UYdLShWUyXt5M/yhz8ekcb1A=="
        },
        "sigmund": {
            "version": "1.0.1",
            "resolved": "https://registry.npmjs.org/sigmund/-/sigmund-1.0.1.tgz",
            "integrity": "sha1-P/IfGYytIXX587eBhT/ZTQ0ZtZA="
        },
        "split2": {
            "version": "4.1.0",
            "resolved": "https://registry.npmjs.org/split2/-/split2-4.1.0.tgz",
            "integrity": "sha512-VBiJxFkxiXRlUIeyMQi8s4hgvKCSjtknJv/LVYbrgALPwf5zSKmEwV9Lst25AkvMDnvxODugjdl6KZgwKM1WYQ=="
        },
        "string-width": {
            "version": "4.2.3",
            "resolved": "https://registry.npmjs.org/string-width/-/string-width-4.2.3.tgz",
            "integrity": "sha512-wKyQRQpjJ0sIp62ErSZdGsjMJWsap5oRNihHhu6G7JVO/9jIB6UyevL+tXuOqrng8j/cxKTWyWUwvSTriiZz/g==",
            "requires": {
                "emoji-regex": "^8.0.0",
                "is-fullwidth-code-point": "^3.0.0",
                "strip-ansi": "^6.0.1"
            }
        },
        "strip-ansi": {
            "version": "6.0.1",
            "resolved": "https://registry.npmjs.org/strip-ansi/-/strip-ansi-6.0.1.tgz",
            "integrity": "sha512-Y38VPSHcqkFrCpFnQ9vuSXmquuv5oXOKpGeT6aGrr3o3Gc9AlVa6JBfUSOCnbxGGZF+/0ooI7KrPuUSztUdU5A==",
            "requires": {
                "ansi-regex": "^5.0.1"
            }
        },
        "supports-preserve-symlinks-flag": {
            "version": "1.0.0",
            "resolved": "https://registry.npmjs.org/supports-preserve-symlinks-flag/-/supports-preserve-symlinks-flag-1.0.0.tgz",
            "integrity": "sha512-ot0WnXS9fgdkgIcePe6RHNk1WA8+muPa6cSjeR3V8K27q9BB1rTE3R1p7Hv0z1ZyAc8s6Vvv8DIyWf681MAt0w=="
        },
        "timers-ext": {
            "version": "0.1.7",
            "resolved": "https://registry.npmjs.org/timers-ext/-/timers-ext-0.1.7.tgz",
            "integrity": "sha512-b85NUNzTSdodShTIbky6ZF02e8STtVVfD+fu4aXXShEELpozH+bCpJLYMPZbsABN2wDH7fJpqIoXxJpzbf0NqQ==",
            "requires": {
                "es5-ext": "~0.10.46",
                "next-tick": "1"
            }
        },
        "toposort-class": {
            "version": "1.0.1",
            "resolved": "https://registry.npmjs.org/toposort-class/-/toposort-class-1.0.1.tgz",
            "integrity": "sha512-OsLcGGbYF3rMjPUf8oKktyvCiUxSbqMMS39m33MAjLTC1DVIH6x3WSt63/M77ihI09+Sdfk1AXvfhCEeUmC7mg=="
        },
        "type": {
            "version": "1.2.0",
            "resolved": "https://registry.npmjs.org/type/-/type-1.2.0.tgz",
            "integrity": "sha512-+5nt5AAniqsCnu2cEQQdpzCAh33kVx8n0VoFidKpB1dVVLAN/F+bgVOqOJqOnEnrhp222clB5p3vUlD+1QAnfg=="
        },
        "umzug": {
            "version": "2.3.0",
            "resolved": "https://registry.npmjs.org/umzug/-/umzug-2.3.0.tgz",
            "integrity": "sha512-Z274K+e8goZK8QJxmbRPhl89HPO1K+ORFtm6rySPhFKfKc5GHhqdzD0SGhSWHkzoXasqJuItdhorSvY7/Cgflw==",
            "requires": {
                "bluebird": "^3.7.2"
            }
        },
        "universalify": {
            "version": "2.0.0",
            "resolved": "https://registry.npmjs.org/universalify/-/universalify-2.0.0.tgz",
            "integrity": "sha512-hAZsKq7Yy11Zu1DE0OzWjw7nnLZmJZYTDZZyEFHZdUhV8FkH5MCfoU1XMaxXovpyW5nq5scPqq0ZDP9Zyl04oQ=="
        },
        "uuid": {
            "version": "8.3.2",
            "resolved": "https://registry.npmjs.org/uuid/-/uuid-8.3.2.tgz",
            "integrity": "sha512-+NYs2QeMWy+GWFOEm9xnn6HCDp0l7QBD7ml8zLUmJ+93Q5NF0NocErnwkTkXVFNiX3/fpC6afS8Dhb/gz7R7eg=="
        },
        "validator": {
            "version": "13.7.0",
            "resolved": "https://registry.npmjs.org/validator/-/validator-13.7.0.tgz",
            "integrity": "sha512-nYXQLCBkpJ8X6ltALua9dRrZDHVYxjJ1wgskNt1lH9fzGjs3tgojGSCBjmEPwkWS1y29+DrizMTW19Pr9uB2nw=="
        },
        "which": {
            "version": "2.0.2",
            "resolved": "https://registry.npmjs.org/which/-/which-2.0.2.tgz",
            "integrity": "sha512-BLI3Tl1TW3Pvl70l3yq3Y64i+awpwXqsGBYWkkqMtnbXgrMD+yj7rhW0kuEDxzJaYXGjEW5ogapKNMEKNMjibA==",
            "requires": {
                "isexe": "^2.0.0"
            }
        },
        "wkx": {
            "version": "0.5.0",
            "resolved": "https://registry.npmjs.org/wkx/-/wkx-0.5.0.tgz",
            "integrity": "sha512-Xng/d4Ichh8uN4l0FToV/258EjMGU9MGcA0HV2d9B/ZpZB3lqQm7nkOdZdm5GhKtLLhAE7PiVQwN4eN+2YJJUg==",
            "requires": {
                "@types/node": "*"
            }
        },
        "wrap-ansi": {
            "version": "7.0.0",
            "resolved": "https://registry.npmjs.org/wrap-ansi/-/wrap-ansi-7.0.0.tgz",
            "integrity": "sha512-YVGIj2kamLSTxw6NsZjoBxfSwsn0ycdesmc4p+Q21c5zPuZ1pl+NfxVdxPtdHvmNVOQ6XSYG4AUtyt/Fi7D16Q==",
            "requires": {
                "ansi-styles": "^4.0.0",
                "string-width": "^4.1.0",
                "strip-ansi": "^6.0.0"
            }
        },
        "wrappy": {
            "version": "1.0.2",
            "resolved": "https://registry.npmjs.org/wrappy/-/wrappy-1.0.2.tgz",
            "integrity": "sha1-tSQ9jz7BqjXxNkYFvA0QNuMKtp8="
        },
        "xtend": {
            "version": "4.0.2",
            "resolved": "https://registry.npmjs.org/xtend/-/xtend-4.0.2.tgz",
            "integrity": "sha512-LKYU1iAXJXUgAXn9URjiu+MWhyUXHsvfp7mcuYm9dSUKK0/CjtrUwFAxD82/mCWbtLsGjFIad0wIsod4zrTAEQ=="
        },
        "y18n": {
            "version": "5.0.8",
            "resolved": "https://registry.npmjs.org/y18n/-/y18n-5.0.8.tgz",
            "integrity": "sha512-0pfFzegeDWJHJIAmTLRP2DwHjdF5s7jo9tuztdQxAhINCdvS+3nGINqPd00AphqJR/0LhANUS6/+7SCb98YOfA=="
        },
        "yallist": {
            "version": "4.0.0",
            "resolved": "https://registry.npmjs.org/yallist/-/yallist-4.0.0.tgz",
            "integrity": "sha512-3wdGidZyq5PB084XLES5TpOSRA3wjXAlIWMhum2kRcv/41Sn2emQ0dycQW4uZXLejwKvg6EsvbdlVL+FYEct7A=="
        },
        "yargs": {
            "version": "16.2.0",
            "resolved": "https://registry.npmjs.org/yargs/-/yargs-16.2.0.tgz",
            "integrity": "sha512-D1mvvtDG0L5ft/jGWkLpG1+m0eQxOfaBvTNELraWj22wSVUMWxZUvYgJYcKh6jGGIkJFhH4IZPQhR4TKpc8mBw==",
            "requires": {
                "cliui": "^7.0.2",
                "escalade": "^3.1.1",
                "get-caller-file": "^2.0.5",
                "require-directory": "^2.1.1",
                "string-width": "^4.2.0",
                "y18n": "^5.0.5",
                "yargs-parser": "^20.2.2"
            }
        },
        "yargs-parser": {
            "version": "20.2.9",
            "resolved": "https://registry.npmjs.org/yargs-parser/-/yargs-parser-20.2.9.tgz",
            "integrity": "sha512-y11nGElTIV+CT3Zv9t7VKl+Q3hTQoT9a1Qzezhhl6Rp21gJ/IVTW7Z3y9EWXhuUBC2Shnf+DX0antecpAwSP8w=="
        }
    }
}
